
Microsoft Visual Studio Solution File, Format Version 12.00
# Visual Studio Version 16
VisualStudioVersion = 16.0.29519.87
MinimumVisualStudioVersion = 10.0.40219.1
Project("{FAE04EC0-301F-11D3-BF4B-00C04F79EFBC}") = "IoTBot.AIBot", "IoTBot.AIBot\IoTBot.AIBot.csproj", "{D3503998-A635-4E92-A916-0F23ADF64523}"
EndProject
Project("{FAE04EC0-301F-11D3-BF4B-00C04F79EFBC}") = "IoTBot.CoreIoT", "IoTBot.CoreIoT\IoTBot.CoreIoT.csproj", "{17A296ED-5B4F-4CBB-9625-2EFFEF14E907}"
EndProject
Global
	GlobalSection(SolutionConfigurationPlatforms) = preSolution
		Debug|Any CPU = Debug|Any CPU
		Release|Any CPU = Release|Any CPU
	EndGlobalSection
	GlobalSection(ProjectConfigurationPlatforms) = postSolution
		{D3503998-A635-4E92-A916-0F23ADF64523}.Debug|Any CPU.ActiveCfg = Debug|Any CPU
		{D3503998-A635-4E92-A916-0F23ADF64523}.Debug|Any CPU.Build.0 = Debug|Any CPU
		{D3503998-A635-4E92-A916-0F23ADF64523}.Release|Any CPU.ActiveCfg = Release|Any CPU
		{D3503998-A635-4E92-A916-0F23ADF64523}.Release|Any CPU.Build.0 = Release|Any CPU
		{17A296ED-5B4F-4CBB-9625-2EFFEF14E907}.Debug|Any CPU.ActiveCfg = Debug|Any CPU
		{17A296ED-5B4F-4CBB-9625-2EFFEF14E907}.Debug|Any CPU.Build.0 = Debug|Any CPU
		{17A296ED-5B4F-4CBB-9625-2EFFEF14E907}.Release|Any CPU.ActiveCfg = Release|Any CPU
		{17A296ED-5B4F-4CBB-9625-2EFFEF14E907}.Release|Any CPU.Build.0 = Release|Any CPU
	EndGlobalSection
	GlobalSection(SolutionProperties) = preSolution
		HideSolutionNode = FALSE
	EndGlobalSection
	GlobalSection(ExtensibilityGlobals) = postSolution
		SolutionGuid = {613794C6-CF8A-425F-AB22-0B9D5317DD38}
	EndGlobalSection
EndGlobal
